
Microsoft Visual Studio Solution File, Format Version 12.00
# Visual Studio Version 17
VisualStudioVersion = 17.5.002.0
MinimumVisualStudioVersion = 10.0.40219.1
Project("{9A19103F-16F7-4668-BE54-9A1E7A4F7556}") = "ApiPwaBackend", "ApiPwaBackend.csproj", "{F415ECD7-64FE-4CA1-81E6-BCEC117E0620}"
EndProject
Global
	GlobalSection(SolutionConfigurationPlatforms) = preSolution
		Debug|Any CPU = Debug|Any CPU
		Release|Any CPU = Release|Any CPU
	EndGlobalSection
	GlobalSection(ProjectConfigurationPlatforms) = postSolution
		{F415ECD7-64FE-4CA1-81E6-BCEC117E0620}.Debug|Any CPU.ActiveCfg = Debug|Any CPU
		{F415ECD7-64FE-4CA1-81E6-BCEC117E0620}.Debug|Any CPU.Build.0 = Debug|Any CPU
		{F415ECD7-64FE-4CA1-81E6-BCEC117E0620}.Release|Any CPU.ActiveCfg = Release|Any CPU
		{F415ECD7-64FE-4CA1-81E6-BCEC117E0620}.Release|Any CPU.Build.0 = Release|Any CPU
	EndGlobalSection
	GlobalSection(SolutionProperties) = preSolution
		HideSolutionNode = FALSE
	EndGlobalSection
	GlobalSection(ExtensibilityGlobals) = postSolution
		SolutionGuid = {9F41E1E2-663C-40E1-A4DC-D81EE85FDF37}
	EndGlobalSection
EndGlobal
